
Microsoft Visual Studio Solution File, Format Version 12.00
# Visual Studio Version 16
VisualStudioVersion = 16.0.30309.148
MinimumVisualStudioVersion = 10.0.40219.1
Project("{FAE04EC0-301F-11D3-BF4B-00C04F79EFBC}") = "QR Code Scanner.Android", "QR Code Scanner\QR Code Scanner.Android\QR Code Scanner.Android.csproj", "{0B54D453-AE74-44F7-91FB-390C32C257B5}"
EndProject
Project("{FAE04EC0-301F-11D3-BF4B-00C04F79EFBC}") = "QR Code Scanner.iOS", "QR Code Scanner\QR Code Scanner.iOS\QR Code Scanner.iOS.csproj", "{BD9C984E-8541-42E0-8A0B-C48DDF19D575}"
EndProject
Project("{FAE04EC0-301F-11D3-BF4B-00C04F79EFBC}") = "QR Code Scanner", "QR Code Scanner\QR Code Scanner\QR Code Scanner.csproj", "{66E691B8-9A46-4A0B-89A4-923AB155A7A7}"
EndProject
Global
	GlobalSection(SolutionConfigurationPlatforms) = preSolution
		Debug|Any CPU = Debug|Any CPU
		Debug|iPhone = Debug|iPhone
		Debug|iPhoneSimulator = Debug|iPhoneSimulator
		Release|Any CPU = Release|Any CPU
		Release|iPhone = Release|iPhone
		Release|iPhoneSimulator = Release|iPhoneSimulator
	EndGlobalSection
	GlobalSection(ProjectConfigurationPlatforms) = postSolution
		{0B54D453-AE74-44F7-91FB-390C32C257B5}.Debug|Any CPU.ActiveCfg = Debug|Any CPU
		{0B54D453-AE74-44F7-91FB-390C32C257B5}.Debug|Any CPU.Build.0 = Debug|Any CPU
		{0B54D453-AE74-44F7-91FB-390C32C257B5}.Debug|Any CPU.Deploy.0 = Debug|Any CPU
		{0B54D453-AE74-44F7-91FB-390C32C257B5}.Debug|iPhone.ActiveCfg = Debug|Any CPU
		{0B54D453-AE74-44F7-91FB-390C32C257B5}.Debug|iPhone.Build.0 = Debug|Any CPU
		{0B54D453-AE74-44F7-91FB-390C32C257B5}.Debug|iPhone.Deploy.0 = Debug|Any CPU
		{0B54D453-AE74-44F7-91FB-390C32C257B5}.Debug|iPhoneSimulator.ActiveCfg = Debug|Any CPU
		{0B54D453-AE74-44F7-91FB-390C32C257B5}.Debug|iPhoneSimulator.Build.0 = Debug|Any CPU
		{0B54D453-AE74-44F7-91FB-390C32C257B5}.Debug|iPhoneSimulator.Deploy.0 = Debug|Any CPU
		{0B54D453-AE74-44F7-91FB-390C32C257B5}.Release|Any CPU.ActiveCfg = Release|Any CPU
		{0B54D453-AE74-44F7-91FB-390C32C257B5}.Release|Any CPU.Build.0 = Release|Any CPU
		{0B54D453-AE74-44F7-91FB-390C32C257B5}.Release|Any CPU.Deploy.0 = Release|Any CPU
		{0B54D453-AE74-44F7-91FB-390C32C257B5}.Release|iPhone.ActiveCfg = Release|Any CPU
		{0B54D453-AE74-44F7-91FB-390C32C257B5}.Release|iPhone.Build.0 = Release|Any CPU
		{0B54D453-AE74-44F7-91FB-390C32C257B5}.Release|iPhone.Deploy.0 = Release|Any CPU
		{0B54D453-AE74-44F7-91FB-390C32C257B5}.Release|iPhoneSimulator.ActiveCfg = Release|Any CPU
		{0B54D453-AE74-44F7-91FB-390C32C257B5}.Release|iPhoneSimulator.Build.0 = Release|Any CPU
		{0B54D453-AE74-44F7-91FB-390C32C257B5}.Release|iPhoneSimulator.Deploy.0 = Release|Any CPU
		{BD9C984E-8541-42E0-8A0B-C48DDF19D575}.Debug|Any CPU.ActiveCfg = Debug|iPhone
		{BD9C984E-8541-42E0-8A0B-C48DDF19D575}.Debug|Any CPU.Build.0 = Debug|iPhone
		{BD9C984E-8541-42E0-8A0B-C48DDF19D575}.Debug|Any CPU.Deploy.0 = Debug|iPhone
		{BD9C984E-8541-42E0-8A0B-C48DDF19D575}.Debug|iPhone.ActiveCfg = Debug|iPhone
		{BD9C984E-8541-42E0-8A0B-C48DDF19D575}.Debug|iPhone.Build.0 = Debug|iPhone
		{BD9C984E-8541-42E0-8A0B-C48DDF19D575}.Debug|iPhone.Deploy.0 = Debug|iPhone
		{BD9C984E-8541-42E0-8A0B-C48DDF19D575}.Debug|iPhoneSimulator.ActiveCfg = Debug|iPhoneSimulator
		{BD9C984E-8541-42E0-8A0B-C48DDF19D575}.Debug|iPhoneSimulator.Build.0 = Debug|iPhoneSimulator
		{BD9C984E-8541-42E0-8A0B-C48DDF19D575}.Debug|iPhoneSimulator.Deploy.0 = Debug|iPhoneSimulator
		{BD9C984E-8541-42E0-8A0B-C48DDF19D575}.Release|Any CPU.ActiveCfg = Release|iPhone
		{BD9C984E-8541-42E0-8A0B-C48DDF19D575}.Release|Any CPU.Build.0 = Release|iPhone
		{BD9C984E-8541-42E0-8A0B-C48DDF19D575}.Release|Any CPU.Deploy.0 = Release|iPhone
		{BD9C984E-8541-42E0-8A0B-C48DDF19D575}.Release|iPhone.ActiveCfg = Release|iPhone
		{BD9C984E-8541-42E0-8A0B-C48DDF19D575}.Release|iPhone.Build.0 = Release|iPhone
		{BD9C984E-8541-42E0-8A0B-C48DDF19D575}.Release|iPhone.Deploy.0 = Release|iPhone
		{BD9C984E-8541-42E0-8A0B-C48DDF19D575}.Release|iPhoneSimulator.ActiveCfg = Release|iPhoneSimulator
		{BD9C984E-8541-42E0-8A0B-C48DDF19D575}.Release|iPhoneSimulator.Build.0 = Release|iPhoneSimulator
		{BD9C984E-8541-42E0-8A0B-C48DDF19D575}.Release|iPhoneSimulator.Deploy.0 = Release|iPhoneSimulator
		{66E691B8-9A46-4A0B-89A4-923AB155A7A7}.Debug|Any CPU.ActiveCfg = Debug|Any CPU
		{66E691B8-9A46-4A0B-89A4-923AB155A7A7}.Debug|Any CPU.Build.0 = Debug|Any CPU
		{66E691B8-9A46-4A0B-89A4-923AB155A7A7}.Debug|Any CPU.Deploy.0 = Debug|Any CPU
		{66E691B8-9A46-4A0B-89A4-923AB155A7A7}.Debug|iPhone.ActiveCfg = Debug|Any CPU
		{66E691B8-9A46-4A0B-89A4-923AB155A7A7}.Debug|iPhone.Build.0 = Debug|Any CPU
		{66E691B8-9A46-4A0B-89A4-923AB155A7A7}.Debug|iPhone.Deploy.0 = Debug|Any CPU
		{66E691B8-9A46-4A0B-89A4-923AB155A7A7}.Debug|iPhoneSimulator.ActiveCfg = Debug|Any CPU
		{66E691B8-9A46-4A0B-89A4-923AB155A7A7}.Debug|iPhoneSimulator.Build.0 = Debug|Any CPU
		{66E691B8-9A46-4A0B-89A4-923AB155A7A7}.Debug|iPhoneSimulator.Deploy.0 = Debug|Any CPU
		{66E691B8-9A46-4A0B-89A4-923AB155A7A7}.Release|Any CPU.ActiveCfg = Release|Any CPU
		{66E691B8-9A46-4A0B-89A4-923AB155A7A7}.Release|Any CPU.Build.0 = Release|Any CPU
		{66E691B8-9A46-4A0B-89A4-923AB155A7A7}.Release|Any CPU.Deploy.0 = Release|Any CPU
		{66E691B8-9A46-4A0B-89A4-923AB155A7A7}.Release|iPhone.ActiveCfg = Release|Any CPU
		{66E691B8-9A46-4A0B-89A4-923AB155A7A7}.Release|iPhone.Build.0 = Release|Any CPU
		{66E691B8-9A46-4A0B-89A4-923AB155A7A7}.Release|iPhone.Deploy.0 = Release|Any CPU
		{66E691B8-9A46-4A0B-89A4-923AB155A7A7}.Release|iPhoneSimulator.ActiveCfg = Release|Any CPU
		{66E691B8-9A46-4A0B-89A4-923AB155A7A7}.Release|iPhoneSimulator.Build.0 = Release|Any CPU
		{66E691B8-9A46-4A0B-89A4-923AB155A7A7}.Release|iPhoneSimulator.Deploy.0 = Release|Any CPU
	EndGlobalSection
	GlobalSection(SolutionProperties) = preSolution
		HideSolutionNode = FALSE
	EndGlobalSection
	GlobalSection(ExtensibilityGlobals) = postSolution
		SolutionGuid = {6BC6F414-6AB3-4A10-BB69-6CD42C506EC0}
	EndGlobalSection
EndGlobal
